{
  "name": "day01",
  "version": "1.0.0",
  "lockfileVersion": 1,
  "requires": true,
  "dependencies": {
    "@nestjs/common": {
      "version": "5.3.11",
      "resolved": "http://registry.npm.taobao.org/@nestjs/common/download/@nestjs/common-5.3.11.tgz",
      "integrity": "sha1-q0lbwwsWNdcXVOi1d/HkBEPoZPg=",
      "requires": {
        "axios": "0.17.1",
        "cli-color": "1.2.0",
        "deprecate": "1.0.0",
        "multer": "1.3.0",
        "uuid": "3.3.2"
      }
    },
    "@nestjs/core": {
      "version": "9.2.1",
      "resolved": "https://registry.npmmirror.com/@nestjs/core/-/core-9.2.1.tgz",
      "integrity": "sha512-a9GkXuu8uXgNgCVW+17iI8kLCltO+HwHpU2IhR+32JKnN2WEQ1YEWU4t3GJ2MNq44YkjIw9zrKvFkjJBlYrNbQ==",
      "requires": {
        "@nuxtjs/opencollective": "0.3.2",
        "fast-safe-stringify": "2.1.1",
        "iterare": "1.2.1",
        "object-hash": "3.0.0",
        "path-to-regexp": "3.2.0",
        "tslib": "2.4.1",
        "uuid": "9.0.0"
      },
      "dependencies": {
        "tslib": {
          "version": "2.4.1",
          "resolved": "https://registry.npmmirror.com/tslib/-/tslib-2.4.1.tgz",
          "integrity": "sha512-tGyy4dAjRIEwI7BzsB0lynWgOpfqjUdq91XXAlIWD2OwKBH7oCl/GZG/HT4BOHrTlPMOASlMQ7veyTqpmRcrNA=="
        },
        "uuid": {
          "version": "9.0.0",
          "resolved": "https://registry.npmmirror.com/uuid/-/uuid-9.0.0.tgz",
          "integrity": "sha512-MXcSTerfPa4uqyzStbRoTgt5XIe3x5+42+q1sDuy3R5MDk66URdLMOZe5aPX/SQd+kuYAh0FdP/pO28IkQyTeg=="
        }
      }
    },
    "@nuxtjs/opencollective": {
      "version": "0.3.2",
      "resolved": "https://registry.npmmirror.com/@nuxtjs/opencollective/-/opencollective-0.3.2.tgz",
      "integrity": "sha512-um0xL3fO7Mf4fDxcqx9KryrB7zgRM5JSlvGN5AGkP6JLM5XEKyjeAiPbNxdXVXQ16isuAhYpvP88NgL2BGd6aA==",
      "requires": {
        "chalk": "^4.1.0",
        "consola": "^2.15.0",
        "node-fetch": "^2.6.1"
      }
    },
    "@types/node": {
      "version": "10.12.0",
      "resolved": "http://registry.npm.taobao.org/@types/node/download/@types/node-10.12.0.tgz",
      "integrity": "sha1-6m3L3bxbWEyD8Gxg6Cc22PuwwjU=",
      "dev": true
    },
    "ansi-regex": {
      "version": "2.1.1",
      "resolved": "http://registry.npm.taobao.org/ansi-regex/download/ansi-regex-2.1.1.tgz",
      "integrity": "sha1-w7M6te42DYbg5ijwRorn7yfWVN8="
    },
    "ansi-styles": {
      "version": "4.3.0",
      "resolved": "https://registry.npmmirror.com/ansi-styles/-/ansi-styles-4.3.0.tgz",
      "integrity": "sha512-zbB9rCJAT1rbjiVDb2hqKFHNYLxgtk8NURxZ3IZwD3F6NtxbXZQCnnSi1Lkx+IDohdPlFp222wVALIheZJQSEg==",
      "requires": {
        "color-convert": "^2.0.1"
      }
    },
    "append-field": {
      "version": "0.1.0",
      "resolved": "http://registry.npm.taobao.org/append-field/download/append-field-0.1.0.tgz",
      "integrity": "sha1-bdxY+gg8e8VF08WZWygwzCNm1Eo="
    },
    "axios": {
      "version": "0.17.1",
      "resolved": "http://registry.npm.taobao.org/axios/download/axios-0.17.1.tgz",
      "integrity": "sha1-LY4+XQvb1zJ/kbyBT1xXZg+Bgk0=",
      "requires": {
        "follow-redirects": "1.5.9",
        "is-buffer": "1.1.6"
      }
    },
    "buffer-from": {
      "version": "1.1.1",
      "resolved": "http://registry.npm.taobao.org/buffer-from/download/buffer-from-1.1.1.tgz",
      "integrity": "sha1-MnE7wCj3XAL9txDXx7zsHyxgcO8="
    },
    "busboy": {
      "version": "0.2.14",
      "resolved": "http://registry.npm.taobao.org/busboy/download/busboy-0.2.14.tgz",
      "integrity": "sha1-bCpiLvz0fFe7vh4qnDetNseSVFM=",
      "requires": {
        "dicer": "0.2.5",
        "readable-stream": "1.1.14"
      }
    },
    "chalk": {
      "version": "4.1.2",
      "resolved": "https://registry.npmmirror.com/chalk/-/chalk-4.1.2.tgz",
      "integrity": "sha512-oKnbhFyRIXpUuez8iBMmyEa4nbj4IOQyuhc/wy9kY7/WVPcwIO9VA668Pu8RkO7+0G76SLROeyw9CpQ061i4mA==",
      "requires": {
        "ansi-styles": "^4.1.0",
        "supports-color": "^7.1.0"
      }
    },
    "cli-color": {
      "version": "1.2.0",
      "resolved": "http://registry.npm.taobao.org/cli-color/download/cli-color-1.2.0.tgz",
      "integrity": "sha1-OlrnT9drYmevZm5p4q+70B3vNNE=",
      "requires": {
        "ansi-regex": "2.1.1",
        "d": "1.0.0",
        "es5-ext": "0.10.46",
        "es6-iterator": "2.0.3",
        "memoizee": "0.4.14",
        "timers-ext": "0.1.7"
      }
    },
    "color-convert": {
      "version": "2.0.1",
      "resolved": "https://registry.npmmirror.com/color-convert/-/color-convert-2.0.1.tgz",
      "integrity": "sha512-RRECPsj7iu/xb5oKYcsFHSppFNnsj/52OVTRKb4zP5onXwVF3zVmmToNcOfGC+CRDpfK/U584fMg38ZHCaElKQ==",
      "requires": {
        "color-name": "~1.1.4"
      }
    },
    "color-name": {
      "version": "1.1.4",
      "resolved": "https://registry.npmmirror.com/color-name/-/color-name-1.1.4.tgz",
      "integrity": "sha512-dOy+3AuW3a2wNbZHIuMZpTcgjGuLU/uBL/ubcZF9OXbDo8ff4O8yVp5Bf0efS8uEoYo5q4Fx7dY9OgQGXgAsQA=="
    },
    "concat-stream": {
      "version": "1.6.2",
      "resolved": "http://registry.npm.taobao.org/concat-stream/download/concat-stream-1.6.2.tgz",
      "integrity": "sha1-kEvfGUzTEi/Gdcd/xKw9T/D9GjQ=",
      "requires": {
        "buffer-from": "1.1.1",
        "inherits": "2.0.3",
        "readable-stream": "2.3.6",
        "typedarray": "0.0.6"
      },
      "dependencies": {
        "isarray": {
          "version": "1.0.0",
          "resolved": "http://registry.npm.taobao.org/isarray/download/isarray-1.0.0.tgz",
          "integrity": "sha1-u5NdSFgsuhaMBoNJV6VKPgcSTxE="
        },
        "readable-stream": {
          "version": "2.3.6",
          "resolved": "http://registry.npm.taobao.org/readable-stream/download/readable-stream-2.3.6.tgz",
          "integrity": "sha1-sRwn2IuP8fvgcGQ8+UsMea4bCq8=",
          "requires": {
            "core-util-is": "1.0.2",
            "inherits": "2.0.3",
            "isarray": "1.0.0",
            "process-nextick-args": "2.0.0",
            "safe-buffer": "5.1.2",
            "string_decoder": "1.1.1",
            "util-deprecate": "1.0.2"
          }
        },
        "string_decoder": {
          "version": "1.1.1",
          "resolved": "http://registry.npm.taobao.org/string_decoder/download/string_decoder-1.1.1.tgz",
          "integrity": "sha1-nPFhG6YmhdcDCunkujQUnDrwP8g=",
          "requires": {
            "safe-buffer": "5.1.2"
          }
        }
      }
    },
    "consola": {
      "version": "2.15.3",
      "resolved": "https://registry.npmmirror.com/consola/-/consola-2.15.3.tgz",
      "integrity": "sha512-9vAdYbHj6x2fLKC4+oPH0kFzY/orMZyG2Aj+kNylHxKGJ/Ed4dpNyAQYwJOdqO4zdM7XpVHmyejQDcQHrnuXbw=="
    },
    "core-util-is": {
      "version": "1.0.2",
      "resolved": "http://registry.npm.taobao.org/core-util-is/download/core-util-is-1.0.2.tgz",
      "integrity": "sha1-tf1UIgqivFq1eqtxQMlAdUUDwac="
    },
    "d": {
      "version": "1.0.0",
      "resolved": "http://registry.npm.taobao.org/d/download/d-1.0.0.tgz",
      "integrity": "sha1-dUu1v+VUUdpppYuU1F9MWwRi1Y8=",
      "requires": {
        "es5-ext": "0.10.46"
      }
    },
    "debug": {
      "version": "3.1.0",
      "resolved": "http://registry.npm.taobao.org/debug/download/debug-3.1.0.tgz",
      "integrity": "sha1-W7WgZyYotkFJVmuhaBnmFRjGcmE=",
      "requires": {
        "ms": "2.0.0"
      }
    },
    "deprecate": {
      "version": "1.0.0",
      "resolved": "http://registry.npm.taobao.org/deprecate/download/deprecate-1.0.0.tgz",
      "integrity": "sha1-ZhSQ7SQokWpsiIPYg05WRvTkpKg="
    },
    "dicer": {
      "version": "0.2.5",
      "resolved": "http://registry.npm.taobao.org/dicer/download/dicer-0.2.5.tgz",
      "integrity": "sha1-WZbAhrszIYyBLAkL3cCc0S+stw8=",
      "requires": {
        "readable-stream": "1.1.14",
        "streamsearch": "0.1.2"
      }
    },
    "ee-first": {
      "version": "1.1.1",
      "resolved": "http://registry.npm.taobao.org/ee-first/download/ee-first-1.1.1.tgz",
      "integrity": "sha1-WQxhFWsK4vTwJVcyoViyZrxWsh0="
    },
    "es5-ext": {
      "version": "0.10.46",
      "resolved": "http://registry.npm.taobao.org/es5-ext/download/es5-ext-0.10.46.tgz",
      "integrity": "sha1-79mfZ8Wn7Hibqj2qf3mHA4j39XI=",
      "requires": {
        "es6-iterator": "2.0.3",
        "es6-symbol": "3.1.1",
        "next-tick": "1.0.0"
      }
    },
    "es6-iterator": {
      "version": "2.0.3",
      "resolved": "http://registry.npm.taobao.org/es6-iterator/download/es6-iterator-2.0.3.tgz",
      "integrity": "sha1-p96IkUGgWpSwhUQDstCg+/qY87c=",
      "requires": {
        "d": "1.0.0",
        "es5-ext": "0.10.46",
        "es6-symbol": "3.1.1"
      }
    },
    "es6-symbol": {
      "version": "3.1.1",
      "resolved": "http://registry.npm.taobao.org/es6-symbol/download/es6-symbol-3.1.1.tgz",
      "integrity": "sha1-vwDvT9q2uhtG7Le2KbTH7VcVzHc=",
      "requires": {
        "d": "1.0.0",
        "es5-ext": "0.10.46"
      }
    },
    "es6-weak-map": {
      "version": "2.0.2",
      "resolved": "http://registry.npm.taobao.org/es6-weak-map/download/es6-weak-map-2.0.2.tgz",
      "integrity": "sha1-XjqzIlH/0VOKH45f+hNXdy+S2W8=",
      "requires": {
        "d": "1.0.0",
        "es5-ext": "0.10.46",
        "es6-iterator": "2.0.3",
        "es6-symbol": "3.1.1"
      }
    },
    "event-emitter": {
      "version": "0.3.5",
      "resolved": "http://registry.npm.taobao.org/event-emitter/download/event-emitter-0.3.5.tgz",
      "integrity": "sha1-34xp7vFkeSPHFXuc6DhAYQsCzDk=",
      "requires": {
        "d": "1.0.0",
        "es5-ext": "0.10.46"
      }
    },
    "fast-safe-stringify": {
      "version": "2.1.1",
      "resolved": "https://registry.npmmirror.com/fast-safe-stringify/-/fast-safe-stringify-2.1.1.tgz",
      "integrity": "sha512-W+KJc2dmILlPplD/H4K9l9LcAHAfPtP6BY84uVLXQ6Evcz9Lcg33Y2z1IVblT6xdY54PXYVHEv+0Wpq8Io6zkA=="
    },
    "follow-redirects": {
      "version": "1.5.9",
      "resolved": "http://registry.npm.taobao.org/follow-redirects/download/follow-redirects-1.5.9.tgz",
      "integrity": "sha1-ye2ddIuBSjlTVxblMbkZaoRdicY=",
      "requires": {
        "debug": "3.1.0"
      }
    },
    "has-flag": {
      "version": "4.0.0",
      "resolved": "https://registry.npmmirror.com/has-flag/-/has-flag-4.0.0.tgz",
      "integrity": "sha512-EykJT/Q1KjTWctppgIAgfSO0tKVuZUjhgMr17kqTumMl6Afv3EISleU7qZUzoXDFTAHTDC4NOoG/ZxU3EvlMPQ=="
    },
    "inherits": {
      "version": "2.0.3",
      "resolved": "http://registry.npm.taobao.org/inherits/download/inherits-2.0.3.tgz",
      "integrity": "sha1-Yzwsg+PaQqUC9SRmAiSA9CCCYd4="
    },
    "is-buffer": {
      "version": "1.1.6",
      "resolved": "http://registry.npm.taobao.org/is-buffer/download/is-buffer-1.1.6.tgz",
      "integrity": "sha1-76ouqdqg16suoTqXsritUf776L4="
    },
    "is-promise": {
      "version": "2.1.0",
      "resolved": "http://registry.npm.taobao.org/is-promise/download/is-promise-2.1.0.tgz",
      "integrity": "sha1-eaKp7OfwlugPNtKy87wWwf9L8/o="
    },
    "isarray": {
      "version": "0.0.1",
      "resolved": "http://registry.npm.taobao.org/isarray/download/isarray-0.0.1.tgz",
      "integrity": "sha1-ihis/Kmo9Bd+Cav8YDiTmwXR7t8="
    },
    "iterare": {
      "version": "1.2.1",
      "resolved": "https://registry.npmmirror.com/iterare/-/iterare-1.2.1.tgz",
      "integrity": "sha512-RKYVTCjAnRthyJes037NX/IiqeidgN1xc3j1RjFfECFp28A1GVwK9nA+i0rJPaHqSZwygLzRnFlzUuHFoWWy+Q=="
    },
    "lru-queue": {
      "version": "0.1.0",
      "resolved": "http://registry.npm.taobao.org/lru-queue/download/lru-queue-0.1.0.tgz",
      "integrity": "sha1-Jzi9nw089PhEkMVzbEhpmsYyzaM=",
      "requires": {
        "es5-ext": "0.10.46"
      }
    },
    "media-typer": {
      "version": "0.3.0",
      "resolved": "http://registry.npm.taobao.org/media-typer/download/media-typer-0.3.0.tgz",
      "integrity": "sha1-hxDXrwqmJvj/+hzgAWhUUmMlV0g="
    },
    "memoizee": {
      "version": "0.4.14",
      "resolved": "http://registry.npm.taobao.org/memoizee/download/memoizee-0.4.14.tgz",
      "integrity": "sha1-B6APIEaZ+alcLZ53IYJxx81hDVc=",
      "requires": {
        "d": "1.0.0",
        "es5-ext": "0.10.46",
        "es6-weak-map": "2.0.2",
        "event-emitter": "0.3.5",
        "is-promise": "2.1.0",
        "lru-queue": "0.1.0",
        "next-tick": "1.0.0",
        "timers-ext": "0.1.7"
      }
    },
    "mime-db": {
      "version": "1.36.0",
      "resolved": "http://registry.npm.taobao.org/mime-db/download/mime-db-1.36.0.tgz",
      "integrity": "sha1-UCBHjbPH/pOq17vMTc+GnEM2M5c="
    },
    "mime-types": {
      "version": "2.1.20",
      "resolved": "http://registry.npm.taobao.org/mime-types/download/mime-types-2.1.20.tgz",
      "integrity": "sha1-kwy3GdVx6QNzhSD4RwkRVIyizBk=",
      "requires": {
        "mime-db": "1.36.0"
      }
    },
    "minimist": {
      "version": "0.0.8",
      "resolved": "http://registry.npm.taobao.org/minimist/download/minimist-0.0.8.tgz",
      "integrity": "sha1-hX/Kv8M5fSYluCKCYuhqp6ARsF0="
    },
    "mkdirp": {
      "version": "0.5.1",
      "resolved": "http://registry.npm.taobao.org/mkdirp/download/mkdirp-0.5.1.tgz",
      "integrity": "sha1-MAV0OOrGz3+MR2fzhkjWaX11yQM=",
      "requires": {
        "minimist": "0.0.8"
      }
    },
    "ms": {
      "version": "2.0.0",
      "resolved": "http://registry.npm.taobao.org/ms/download/ms-2.0.0.tgz",
      "integrity": "sha1-VgiurfwAvmwpAd9fmGF4jeDVl8g="
    },
    "multer": {
      "version": "1.3.0",
      "resolved": "http://registry.npm.taobao.org/multer/download/multer-1.3.0.tgz",
      "integrity": "sha1-CSsmcPaEb6SRSWXvyM+Uwg/sbNI=",
      "requires": {
        "append-field": "0.1.0",
        "busboy": "0.2.14",
        "concat-stream": "1.6.2",
        "mkdirp": "0.5.1",
        "object-assign": "3.0.0",
        "on-finished": "2.3.0",
        "type-is": "1.6.16",
        "xtend": "4.0.1"
      }
    },
    "next-tick": {
      "version": "1.0.0",
      "resolved": "http://registry.npm.taobao.org/next-tick/download/next-tick-1.0.0.tgz",
      "integrity": "sha1-yobR/ogoFpsBICCOPchCS524NCw="
    },
    "node-fetch": {
      "version": "2.6.7",
      "resolved": "https://registry.npmmirror.com/node-fetch/-/node-fetch-2.6.7.tgz",
      "integrity": "sha512-ZjMPFEfVx5j+y2yF35Kzx5sF7kDzxuDj6ziH4FFbOp87zKDZNx8yExJIb05OGF4Nlt9IHFIMBkRl41VdvcNdbQ==",
      "requires": {
        "whatwg-url": "^5.0.0"
      }
    },
    "object-assign": {
      "version": "3.0.0",
      "resolved": "http://registry.npm.taobao.org/object-assign/download/object-assign-3.0.0.tgz",
      "integrity": "sha1-m+3VygiXlJvKR+f/QIBi1Un1h/I="
    },
    "object-hash": {
      "version": "3.0.0",
      "resolved": "https://registry.npmmirror.com/object-hash/-/object-hash-3.0.0.tgz",
      "integrity": "sha512-RSn9F68PjH9HqtltsSnqYC1XXoWe9Bju5+213R98cNGttag9q9yAOTzdbsqvIa7aNm5WffBZFpWYr2aWrklWAw=="
    },
    "on-finished": {
      "version": "2.3.0",
      "resolved": "http://registry.npm.taobao.org/on-finished/download/on-finished-2.3.0.tgz",
      "integrity": "sha1-IPEzZIGwg811M3mSoWlxqi2QaUc=",
      "requires": {
        "ee-first": "1.1.1"
      }
    },
    "path-to-regexp": {
      "version": "3.2.0",
      "resolved": "https://registry.npmmirror.com/path-to-regexp/-/path-to-regexp-3.2.0.tgz",
      "integrity": "sha512-jczvQbCUS7XmS7o+y1aEO9OBVFeZBQ1MDSEqmO7xSoPgOPoowY/SxLpZ6Vh97/8qHZOteiCKb7gkG9gA2ZUxJA=="
    },
    "process-nextick-args": {
      "version": "2.0.0",
      "resolved": "http://registry.npm.taobao.org/process-nextick-args/download/process-nextick-args-2.0.0.tgz",
      "integrity": "sha1-o31zL0JxtKsa0HDTVQjoKQeI/6o="
    },
    "readable-stream": {
      "version": "1.1.14",
      "resolved": "http://registry.npm.taobao.org/readable-stream/download/readable-stream-1.1.14.tgz",
      "integrity": "sha1-fPTFTvZI44EwhMY23SB54WbAgdk=",
      "requires": {
        "core-util-is": "1.0.2",
        "inherits": "2.0.3",
        "isarray": "0.0.1",
        "string_decoder": "0.10.31"
      }
    },
    "reflect-metadata": {
      "version": "0.1.12",
      "resolved": "http://registry.npm.taobao.org/reflect-metadata/download/reflect-metadata-0.1.12.tgz",
      "integrity": "sha1-MRvwxrY814LyKKgavhRqK/qcVvI="
    },
    "rxjs": {
      "version": "6.3.3",
      "resolved": "http://registry.npm.taobao.org/rxjs/download/rxjs-6.3.3.tgz",
      "integrity": "sha1-PGp/pCDoRKgTkPsRWKnsYU9LrVU=",
      "requires": {
        "tslib": "1.9.3"
      }
    },
    "safe-buffer": {
      "version": "5.1.2",
      "resolved": "http://registry.npm.taobao.org/safe-buffer/download/safe-buffer-5.1.2.tgz",
      "integrity": "sha1-mR7GnSluAxN0fVm9/St0XDX4go0="
    },
    "streamsearch": {
      "version": "0.1.2",
      "resolved": "http://registry.npm.taobao.org/streamsearch/download/streamsearch-0.1.2.tgz",
      "integrity": "sha1-gIudDlb8Jz2Am6VzOOkpkZoanxo="
    },
    "string_decoder": {
      "version": "0.10.31",
      "resolved": "http://registry.npm.taobao.org/string_decoder/download/string_decoder-0.10.31.tgz",
      "integrity": "sha1-YuIDvEF2bGwoyfyEMB2rHFMQ+pQ="
    },
    "supports-color": {
      "version": "7.2.0",
      "resolved": "https://registry.npmmirror.com/supports-color/-/supports-color-7.2.0.tgz",
      "integrity": "sha512-qpCAvRl9stuOHveKsn7HncJRvv501qIacKzQlO/+Lwxc9+0q2wLyv4Dfvt80/DPn2pqOBsJdDiogXGR9+OvwRw==",
      "requires": {
        "has-flag": "^4.0.0"
      }
    },
    "timers-ext": {
      "version": "0.1.7",
      "resolved": "http://registry.npm.taobao.org/timers-ext/download/timers-ext-0.1.7.tgz",
      "integrity": "sha1-b1ethXjgej+5+R2Th9ZWR1VeJcY=",
      "requires": {
        "es5-ext": "0.10.46",
        "next-tick": "1.0.0"
      }
    },
    "tr46": {
      "version": "0.0.3",
      "resolved": "https://registry.npmmirror.com/tr46/-/tr46-0.0.3.tgz",
      "integrity": "sha512-N3WMsuqV66lT30CrXNbEjx4GEwlow3v6rr4mCcv6prnfwhS01rkgyFdjPNBYd9br7LpXV1+Emh01fHnq2Gdgrw=="
    },
    "tslib": {
      "version": "1.9.3",
      "resolved": "http://registry.npm.taobao.org/tslib/download/tslib-1.9.3.tgz",
      "integrity": "sha1-1+TdeSRdhUKMTX5IIqeZF5VMooY="
    },
    "type-is": {
      "version": "1.6.16",
      "resolved": "http://registry.npm.taobao.org/type-is/download/type-is-1.6.16.tgz",
      "integrity": "sha1-+JzjQVQcZysl7nrjxz3uOyvlAZQ=",
      "requires": {
        "media-typer": "0.3.0",
        "mime-types": "2.1.20"
      }
    },
    "typedarray": {
      "version": "0.0.6",
      "resolved": "http://registry.npm.taobao.org/typedarray/download/typedarray-0.0.6.tgz",
      "integrity": "sha1-hnrHTjhkGHsdPUfZlqeOxciDB3c="
    },
    "util-deprecate": {
      "version": "1.0.2",
      "resolved": "http://registry.npm.taobao.org/util-deprecate/download/util-deprecate-1.0.2.tgz",
      "integrity": "sha1-RQ1Nyfpw3nMnYvvS1KKJgUGaDM8="
    },
    "uuid": {
      "version": "3.3.2",
      "resolved": "http://registry.npm.taobao.org/uuid/download/uuid-3.3.2.tgz",
      "integrity": "sha1-G0r0lV6zB3xQHCOHL8ZROBFYcTE="
    },
    "webidl-conversions": {
      "version": "3.0.1",
      "resolved": "https://registry.npmmirror.com/webidl-conversions/-/webidl-conversions-3.0.1.tgz",
      "integrity": "sha512-2JAn3z8AR6rjK8Sm8orRC0h/bcl/DqL7tRPdGZ4I1CjdF+EaMLmYxBHyXuKL849eucPFhvBoxMsflfOb8kxaeQ=="
    },
    "whatwg-url": {
      "version": "5.0.0",
      "resolved": "https://registry.npmmirror.com/whatwg-url/-/whatwg-url-5.0.0.tgz",
      "integrity": "sha512-saE57nupxk6v3HY35+jzBwYa0rKSy0XR8JSxZPwgLr7ys0IBzhGviA1/TUGJLmSVqs8pb9AnvICXEuOHLprYTw==",
      "requires": {
        "tr46": "~0.0.3",
        "webidl-conversions": "^3.0.0"
      }
    },
    "xtend": {
      "version": "4.0.1",
      "resolved": "http://registry.npm.taobao.org/xtend/download/xtend-4.0.1.tgz",
      "integrity": "sha1-pcbVMr5lbiPbgg77lDofBJmNY68="
    }
  }
}
